<Solution>
  <Folder Name="/.repos_files/">
    <File Path="../README.md" />
  </Folder>
  <Folder Name="/.solution_files/">
    <File Path="../.gitignore" />
    <File Path="Directory.Build.props" />
    <File Path="Directory.Build.targets" />
    <File Path="Directory.Packages.props" />
  </Folder>
  <Project Path="Meh.Contracts/Meh.Contracts.csproj" />
  <Project Path="Meh/Meh.csproj" />
</Solution>
